{
    "_meta": {
        "hash": {
            "sha256": "3066241a65cabdf3cb3ce1250ea0d47ac5613613a747a79e43b33b594cec18a7"
        },
        "pipfile-spec": 6,
        "requires": {
            "python_version": "3.9"
        },
        "sources": [
            {
                "name": "pypi",
                "url": "https://pypi.org/simple",
                "verify_ssl": true
            }
        ]
    },
    "default": {
        "beautifulsoup4": {
            "hashes": [
                "sha256:9a315ce70049920ea4572a4055bc4bd700c940521d36fc858205ad4fcde149bf",
                "sha256:c23ad23c521d818955a4151a67d81580319d4bf548d3d49f4223ae041ff98891"
            ],
            "index": "pypi",
            "version": "==4.10.0"
        },
        "certifi": {
            "hashes": [
                "sha256:2bbf76fd432960138b3ef6dda3dde0544f27cbf8546c458e60baf371917ba9ee",
                "sha256:50b1e4f8446b06f41be7dd6338db18e0990601dce795c2b1686458aa7e8fa7d8"
            ],
            "version": "==2021.5.30"
        },
        "charset-normalizer": {
            "hashes": [
                "sha256:0c8911edd15d19223366a194a513099a302055a962bca2cec0f54b8b63175d8b",
                "sha256:f23667ebe1084be45f6ae0538e4a5a865206544097e4e8bbcacf42cd02a348f3"
            ],
            "markers": "python_version >= '3.0'",
            "version": "==2.0.4"
        },
        "cloudscraper": {
            "hashes": [
                "sha256:674fd739f9412188aae8d6614e3e6316939fc0670ef5646abd3d316f1a59d3c2",
                "sha256:dda29028c5628b5ba3e4dc43816ed38fd46bd945ef938c420f185586a6d8dff2"
            ],
            "index": "pypi",
            "version": "==1.2.58"
        },
        "idna": {
            "hashes": [
                "sha256:14475042e284991034cb48e06f6851428fb14c4dc953acd9be9a5e95c7b6dd7a",
                "sha256:467fbad99067910785144ce333826c71fb0e63a425657295239737f7ecd125f3"
            ],
            "markers": "python_version >= '3.0'",
            "version": "==3.2"
        },
        "numpy": {
            "hashes": [
                "sha256:09858463db6dd9f78b2a1a05c93f3b33d4f65975771e90d2cf7aadb7c2f66edf",
                "sha256:209666ce9d4a817e8a4597cd475b71b4878a85fa4b8db41d79fdb4fdee01dde2",
                "sha256:298156f4d3d46815eaf0fcf0a03f9625fc7631692bd1ad851517ab93c3168fc6",
                "sha256:30fc68307c0155d2a75ad19844224be0f2c6f06572d958db4e2053f816b859ad",
                "sha256:423216d8afc5923b15df86037c6053bf030d15cc9e3224206ef868c2d63dd6dc",
                "sha256:426a00b68b0d21f2deb2ace3c6d677e611ad5a612d2c76494e24a562a930c254",
                "sha256:466e682264b14982012887e90346d33435c984b7fead7b85e634903795c8fdb0",
                "sha256:51a7b9db0a2941434cd930dacaafe0fc9da8f3d6157f9d12f761bbde93f46218",
                "sha256:52a664323273c08f3b473548bf87c8145b7513afd63e4ebba8496ecd3853df13",
                "sha256:550564024dc5ceee9421a86fc0fb378aa9d222d4d0f858f6669eff7410c89bef",
                "sha256:5de64950137f3a50b76ce93556db392e8f1f954c2d8207f78a92d1f79aa9f737",
                "sha256:640c1ccfd56724f2955c237b6ccce2e5b8607c3bc1cc51d3933b8c48d1da3723",
                "sha256:7fdc7689daf3b845934d67cb221ba8d250fdca20ac0334fea32f7091b93f00d3",
                "sha256:805459ad8baaf815883d0d6f86e45b3b0b67d823a8f3fa39b1ed9c45eaf5edf1",
                "sha256:92a0ab128b07799dd5b9077a9af075a63467d03ebac6f8a93e6440abfea4120d",
                "sha256:9f2dc79c093f6c5113718d3d90c283f11463d77daa4e83aeeac088ec6a0bda52",
                "sha256:a5109345f5ce7ddb3840f5970de71c34a0ff7fceb133c9441283bb8250f532a3",
                "sha256:a55e4d81c4260386f71d22294795c87609164e22b28ba0d435850fbdf82fc0c5",
                "sha256:a9da45b748caad72ea4a4ed57e9cd382089f33c5ec330a804eb420a496fa760f",
                "sha256:b160b9a99ecc6559d9e6d461b95c8eec21461b332f80267ad2c10394b9503496",
                "sha256:b342064e647d099ca765f19672696ad50c953cac95b566af1492fd142283580f",
                "sha256:b5e8590b9245803c849e09bae070a8e1ff444f45e3f0bed558dd722119eea724",
                "sha256:bf75d5825ef47aa51d669b03ce635ecb84d69311e05eccea083f31c7570c9931",
                "sha256:c01b59b33c7c3ba90744f2c695be571a3bd40ab2ba7f3d169ffa6db3cfba614f",
                "sha256:d96a6a7d74af56feb11e9a443150216578ea07b7450f7c05df40eec90af7f4a7",
                "sha256:dd0e3651d210068d13e18503d75aaa45656eef51ef0b261f891788589db2cc38",
                "sha256:e167b9805de54367dcb2043519382be541117503ce99e3291cc9b41ca0a83557",
                "sha256:e42029e184008a5fd3d819323345e25e2337b0ac7f5c135b7623308530209d57",
                "sha256:f545c082eeb09ae678dd451a1b1dbf17babd8a0d7adea02897a76e639afca310",
                "sha256:fde50062d67d805bc96f1a9ecc0d37bfc2a8f02b937d2c50824d186aa91f2419"
            ],
            "index": "pypi",
            "version": "==1.21.2"
        },
        "opencv-contrib-python": {
            "hashes": [
                "sha256:02d1fff3891301423075652406702fec7d194831f9549caf1ffd28139acbbe4c",
                "sha256:13e4d5f27435a1b6af7428e9baef136fafb755627961cc2b06b55d70343a9971",
                "sha256:1df89629e1319dd32618a3b81571ed5347b4cd856b27703d194545f1c6750f3f",
                "sha256:2eefbdb408a18e77d4dc7a45a4a26c6bdd13d1d3fdf7e186b6ab59000cb066af",
                "sha256:38bfd99d67f8eb910d5f995cdaaec041b7b049d3d5cb6caa4c6b52a034b8a99c",
                "sha256:39fa9c697815f99046247d3f3a74080d43afc62d061db7e55138dbd815863288",
                "sha256:3cbb1397122a2ebbb3a81ae7201f66298c244113125295ad101164cb11091655",
                "sha256:3dc27353402136dca52095e906e5a124dafb3e84e027f9a1c1e6b9fb9c06780f",
                "sha256:417e0a012db7d88f24ab8a37e354633c60f32133efc3b760d48fc6a5d55a1a60",
                "sha256:4904f4f7ac5b97ed6aaca2123a4c5fb4fba64ae69aed6eb62354348c773b292b",
                "sha256:4aacad9a1e74828f393566904fcb7da37ea75eae853b05a2d18ed126de8bef98",
                "sha256:673e4b536303d946daeef404dbbbbd981b42797997b80ce32be74651109175e2",
                "sha256:79dc3adbda860ddf91facdf96a98be4f8bedb396245f2f0e4d8997b4c72908e1",
                "sha256:7bfa0dfe2a1197cb1acafdda7cf348f932e562535f5974656220d7cf5e92c915",
                "sha256:8736606e69a6c0bcee479d32bf57181dd04da3016feee5a626eed0cb510bc92f",
                "sha256:8bef689bbb9e8a78037cf5d05f72af2b677e52d129f96c3e90c780451b15812e",
                "sha256:8fc536bbf455ca96509fc83719f709068f639227dbe5813267b53a415c785e4c",
                "sha256:9e07583a96cece2c04a644d8b4cac47576a75cc1c2f201dcf888983938795018",
                "sha256:adafd178ca1aa9346de816d63fe1daccf107a502e66294de0949ac2e931c1e08",
                "sha256:b6dc21fb87c805cd79384f09b2ffd771f3a326301b8e2a24939e274d4baeae3e",
                "sha256:c14a3330d34768f9fffc852066a0a8c3da7ed4220f4f54bce5ce7fae3ece9613",
                "sha256:c39891e60b5232aaabc5fa3038bb86b81989032b7bc4c93f7487087bc6c1bfa7",
                "sha256:d162f1fc70598499ddd494591255d0af916ae1e9933f0108717e67468a5ac968",
                "sha256:da4c647c7df07ecf1137abc6d20c38f99b171492439585e8c8e4697d31e9864e"
            ],
            "index": "pypi",
            "version": "==4.5.3.56"
        },
        "pyparsing": {
            "hashes": [
                "sha256:c203ec8783bf771a155b207279b9bccb8dea02d8f0c9e5f8ead507bc3246ecc1",
                "sha256:ef9d7589ef3c200abe66653d3f1ab1033c3c419ae9b9bdb1240a85b024efc88b"
            ],
            "markers": "python_version >= '2.6' and python_version not in '3.0, 3.1, 3.2, 3.3'",
            "version": "==2.4.7"
        },
        "requests": {
            "hashes": [
                "sha256:6c1246513ecd5ecd4528a0906f910e8f0f9c6b8ec72030dc9fd154dc1a6efd24",
                "sha256:b8aa58f8cf793ffd8782d3d8cb19e66ef36f7aba4353eec859e74678b01b07a7"
            ],
            "index": "pypi",
            "version": "==2.26.0"
        },
        "requests-toolbelt": {
            "hashes": [
                "sha256:380606e1d10dc85c3bd47bf5a6095f815ec007be7a8b69c878507068df059e6f",
                "sha256:968089d4584ad4ad7c171454f0a5c6dac23971e9472521ea3b6d49d610aa6fc0"
            ],
            "version": "==0.9.1"
        },
        "soupsieve": {
            "hashes": [
                "sha256:052774848f448cf19c7e959adf5566904d525f33a3f8b6ba6f6f8f26ec7de0cc",
                "sha256:c2c1c2d44f158cdbddab7824a9af8c4f83c76b1e23e049479aa432feb6c4c23b"
            ],
            "markers": "python_version >= '3.6'",
            "version": "==2.2.1"
        },
        "urllib3": {
            "hashes": [
                "sha256:39fb8672126159acb139a7718dd10806104dec1e2f0f6c88aab05d17df10c8d4",
                "sha256:f57b4c16c62fa2760b7e3d97c35b255512fb6b59a259730f36ba32ce9f8e342f"
            ],
            "markers": "python_version >= '2.7' and python_version not in '3.0, 3.1, 3.2, 3.3, 3.4' and python_version < '4'",
            "version": "==1.26.6"
        }
    },
    "develop": {}
}
